
Microsoft Visual Studio Solution File, Format Version 12.00
# Visual Studio 15
Project("{FAE04EC0-301F-11D3-BF4B-00C04F79EFBC}") = "CoreSystems", "CoreSystems.csproj", "{FA56A9BA-E29A-A3D0-942C-4FE0C8392BBC}"
EndProject
Project("{FAE04EC0-301F-11D3-BF4B-00C04F79EFBC}") = "Assembly-CSharp", "Assembly-CSharp.csproj", "{B0774964-313B-8221-F170-F7AA3CDC03DA}"
EndProject
Project("{FAE04EC0-301F-11D3-BF4B-00C04F79EFBC}") = "MapUI", "MapUI.csproj", "{E4540BC7-6BED-9175-044F-24B13631E8F0}"
EndProject
Project("{FAE04EC0-301F-11D3-BF4B-00C04F79EFBC}") = "GameLogic", "GameLogic.csproj", "{1A5B3BE3-016D-84ED-D443-DC8546F94325}"
EndProject
Project("{FAE04EC0-301F-11D3-BF4B-00C04F79EFBC}") = "MapLogic", "MapLogic.csproj", "{5877FE74-48D0-5847-01DA-D885384EFEB5}"
EndProject
Project("{FAE04EC0-301F-11D3-BF4B-00C04F79EFBC}") = "Sound", "Sound.csproj", "{B80C1B33-C961-ABE7-5E49-2440B5665C63}"
EndProject
Project("{FAE04EC0-301F-11D3-BF4B-00C04F79EFBC}") = "EditorOnly", "EditorOnly.csproj", "{DD388F26-9860-854D-D860-1DA6CCA5DACD}"
EndProject
Project("{FAE04EC0-301F-11D3-BF4B-00C04F79EFBC}") = "Assembly-CSharp-Editor", "Assembly-CSharp-Editor.csproj", "{5C71FC71-B8E7-4555-3BBE-16DC22B3C528}"
EndProject
Project("{FAE04EC0-301F-11D3-BF4B-00C04F79EFBC}") = "Tests", "Tests.csproj", "{5C477A58-E8F4-A8C0-67B6-C8E7BCA207DD}"
EndProject
Global
	GlobalSection(SolutionConfigurationPlatforms) = preSolution
		Debug|Any CPU = Debug|Any CPU
		Release|Any CPU = Release|Any CPU
	EndGlobalSection
	GlobalSection(ProjectConfigurationPlatforms) = postSolution
		{FA56A9BA-E29A-A3D0-942C-4FE0C8392BBC}.Debug|Any CPU.ActiveCfg = Debug|Any CPU
		{FA56A9BA-E29A-A3D0-942C-4FE0C8392BBC}.Debug|Any CPU.Build.0 = Debug|Any CPU
		{FA56A9BA-E29A-A3D0-942C-4FE0C8392BBC}.Release|Any CPU.ActiveCfg = Release|Any CPU
		{FA56A9BA-E29A-A3D0-942C-4FE0C8392BBC}.Release|Any CPU.Build.0 = Release|Any CPU
		{B0774964-313B-8221-F170-F7AA3CDC03DA}.Debug|Any CPU.ActiveCfg = Debug|Any CPU
		{B0774964-313B-8221-F170-F7AA3CDC03DA}.Debug|Any CPU.Build.0 = Debug|Any CPU
		{B0774964-313B-8221-F170-F7AA3CDC03DA}.Release|Any CPU.ActiveCfg = Release|Any CPU
		{B0774964-313B-8221-F170-F7AA3CDC03DA}.Release|Any CPU.Build.0 = Release|Any CPU
		{E4540BC7-6BED-9175-044F-24B13631E8F0}.Debug|Any CPU.ActiveCfg = Debug|Any CPU
		{E4540BC7-6BED-9175-044F-24B13631E8F0}.Debug|Any CPU.Build.0 = Debug|Any CPU
		{E4540BC7-6BED-9175-044F-24B13631E8F0}.Release|Any CPU.ActiveCfg = Release|Any CPU
		{E4540BC7-6BED-9175-044F-24B13631E8F0}.Release|Any CPU.Build.0 = Release|Any CPU
		{1A5B3BE3-016D-84ED-D443-DC8546F94325}.Debug|Any CPU.ActiveCfg = Debug|Any CPU
		{1A5B3BE3-016D-84ED-D443-DC8546F94325}.Debug|Any CPU.Build.0 = Debug|Any CPU
		{1A5B3BE3-016D-84ED-D443-DC8546F94325}.Release|Any CPU.ActiveCfg = Release|Any CPU
		{1A5B3BE3-016D-84ED-D443-DC8546F94325}.Release|Any CPU.Build.0 = Release|Any CPU
		{5877FE74-48D0-5847-01DA-D885384EFEB5}.Debug|Any CPU.ActiveCfg = Debug|Any CPU
		{5877FE74-48D0-5847-01DA-D885384EFEB5}.Debug|Any CPU.Build.0 = Debug|Any CPU
		{5877FE74-48D0-5847-01DA-D885384EFEB5}.Release|Any CPU.ActiveCfg = Release|Any CPU
		{5877FE74-48D0-5847-01DA-D885384EFEB5}.Release|Any CPU.Build.0 = Release|Any CPU
		{B80C1B33-C961-ABE7-5E49-2440B5665C63}.Debug|Any CPU.ActiveCfg = Debug|Any CPU
		{B80C1B33-C961-ABE7-5E49-2440B5665C63}.Debug|Any CPU.Build.0 = Debug|Any CPU
		{B80C1B33-C961-ABE7-5E49-2440B5665C63}.Release|Any CPU.ActiveCfg = Release|Any CPU
		{B80C1B33-C961-ABE7-5E49-2440B5665C63}.Release|Any CPU.Build.0 = Release|Any CPU
		{DD388F26-9860-854D-D860-1DA6CCA5DACD}.Debug|Any CPU.ActiveCfg = Debug|Any CPU
		{DD388F26-9860-854D-D860-1DA6CCA5DACD}.Debug|Any CPU.Build.0 = Debug|Any CPU
		{DD388F26-9860-854D-D860-1DA6CCA5DACD}.Release|Any CPU.ActiveCfg = Release|Any CPU
		{DD388F26-9860-854D-D860-1DA6CCA5DACD}.Release|Any CPU.Build.0 = Release|Any CPU
		{5C71FC71-B8E7-4555-3BBE-16DC22B3C528}.Debug|Any CPU.ActiveCfg = Debug|Any CPU
		{5C71FC71-B8E7-4555-3BBE-16DC22B3C528}.Debug|Any CPU.Build.0 = Debug|Any CPU
		{5C71FC71-B8E7-4555-3BBE-16DC22B3C528}.Release|Any CPU.ActiveCfg = Release|Any CPU
		{5C71FC71-B8E7-4555-3BBE-16DC22B3C528}.Release|Any CPU.Build.0 = Release|Any CPU
		{5C477A58-E8F4-A8C0-67B6-C8E7BCA207DD}.Debug|Any CPU.ActiveCfg = Debug|Any CPU
		{5C477A58-E8F4-A8C0-67B6-C8E7BCA207DD}.Debug|Any CPU.Build.0 = Debug|Any CPU
		{5C477A58-E8F4-A8C0-67B6-C8E7BCA207DD}.Release|Any CPU.ActiveCfg = Release|Any CPU
		{5C477A58-E8F4-A8C0-67B6-C8E7BCA207DD}.Release|Any CPU.Build.0 = Release|Any CPU
	EndGlobalSection
	GlobalSection(SolutionProperties) = preSolution
		HideSolutionNode = FALSE
	EndGlobalSection
EndGlobal
